
Microsoft Visual Studio Solution File, Format Version 11.00
# Visual Studio 2010
Project("{FAE04EC0-301F-11D3-BF4B-00C04F79EFBC}") = "DomainEvents", "DomainEvents\DomainEvents.csproj", "{E15174C7-9666-486A-8393-3331A8113699}"
EndProject
Global
	GlobalSection(SolutionConfigurationPlatforms) = preSolution
		Debug|x86 = Debug|x86
		Release|x86 = Release|x86
	EndGlobalSection
	GlobalSection(ProjectConfigurationPlatforms) = postSolution
		{E15174C7-9666-486A-8393-3331A8113699}.Debug|x86.ActiveCfg = Debug|x86
		{E15174C7-9666-486A-8393-3331A8113699}.Debug|x86.Build.0 = Debug|x86
		{E15174C7-9666-486A-8393-3331A8113699}.Release|x86.ActiveCfg = Release|x86
		{E15174C7-9666-486A-8393-3331A8113699}.Release|x86.Build.0 = Release|x86
	EndGlobalSection
	GlobalSection(MonoDevelopProperties) = preSolution
		StartupItem = DomainEvents\DomainEvents.csproj
	EndGlobalSection
EndGlobal
